
Microsoft Visual Studio Solution File, Format Version 12.00
# Visual Studio Version 17
VisualStudioVersion = 17.5.33108.404
MinimumVisualStudioVersion = 10.0.40219.1
Project("{FAE04EC0-301F-11D3-BF4B-00C04F79EFBC}") = "1-stream-redesign-netfx20", "stream-redesign-netfx20\1-stream-redesign-netfx20.csproj", "{9B51561C-0A38-44B7-964A-EC4D71F0714E}"
EndProject
Project("{FAE04EC0-301F-11D3-BF4B-00C04F79EFBC}") = "2-stream-redesign-netfx462", "stream-redesign-netfx462\2-stream-redesign-netfx462.csproj", "{46F5AEBC-4654-44CA-90AF-5D0CAA142E3D}"
EndProject
Project("{9A19103F-16F7-4668-BE54-9A1E7A4F7556}") = "3-stream-redesign-netcore31", "stream-redesign-netcore31\3-stream-redesign-netcore31.csproj", "{77CBB3B3-7E3C-4822-94DC-042F46EF9BEC}"
EndProject
Global
	GlobalSection(SolutionConfigurationPlatforms) = preSolution
		Debug|Any CPU = Debug|Any CPU
		Release|Any CPU = Release|Any CPU
	EndGlobalSection
	GlobalSection(ProjectConfigurationPlatforms) = postSolution
		{9B51561C-0A38-44B7-964A-EC4D71F0714E}.Debug|Any CPU.ActiveCfg = Debug|Any CPU
		{9B51561C-0A38-44B7-964A-EC4D71F0714E}.Debug|Any CPU.Build.0 = Debug|Any CPU
		{9B51561C-0A38-44B7-964A-EC4D71F0714E}.Release|Any CPU.ActiveCfg = Release|Any CPU
		{9B51561C-0A38-44B7-964A-EC4D71F0714E}.Release|Any CPU.Build.0 = Release|Any CPU
		{46F5AEBC-4654-44CA-90AF-5D0CAA142E3D}.Debug|Any CPU.ActiveCfg = Debug|Any CPU
		{46F5AEBC-4654-44CA-90AF-5D0CAA142E3D}.Debug|Any CPU.Build.0 = Debug|Any CPU
		{46F5AEBC-4654-44CA-90AF-5D0CAA142E3D}.Release|Any CPU.ActiveCfg = Release|Any CPU
		{46F5AEBC-4654-44CA-90AF-5D0CAA142E3D}.Release|Any CPU.Build.0 = Release|Any CPU
		{77CBB3B3-7E3C-4822-94DC-042F46EF9BEC}.Debug|Any CPU.ActiveCfg = Debug|Any CPU
		{77CBB3B3-7E3C-4822-94DC-042F46EF9BEC}.Debug|Any CPU.Build.0 = Debug|Any CPU
		{77CBB3B3-7E3C-4822-94DC-042F46EF9BEC}.Release|Any CPU.ActiveCfg = Release|Any CPU
		{77CBB3B3-7E3C-4822-94DC-042F46EF9BEC}.Release|Any CPU.Build.0 = Release|Any CPU
	EndGlobalSection
	GlobalSection(SolutionProperties) = preSolution
		HideSolutionNode = FALSE
	EndGlobalSection
	GlobalSection(ExtensibilityGlobals) = postSolution
		SolutionGuid = {5AB38FBF-383A-4ADA-8311-71AC778933A1}
	EndGlobalSection
EndGlobal
